
Microsoft Visual Studio Solution File, Format Version 12.00
# Visual Studio 14
VisualStudioVersion = 14.0.22823.1
MinimumVisualStudioVersion = 10.0.40219.1
Project("{FAE04EC0-301F-11D3-BF4B-00C04F79EFBC}") = "StarterMobile.iOS", "StarterMobile.iOS\StarterMobile.iOS.csproj", "{1CC2ADBF-86D3-4AA2-9164-24410C2F8290}"
EndProject
Project("{FAE04EC0-301F-11D3-BF4B-00C04F79EFBC}") = "StarterMobile.Droid", "StarterMobile.Droid\StarterMobile.Droid.csproj", "{EB627573-6F7F-4A21-A096-3A0D6F5E55F1}"
EndProject
Project("{FAE04EC0-301F-11D3-BF4B-00C04F79EFBC}") = "StarterMobile.Core", "StarterMobile.Core\StarterMobile.Core.csproj", "{43F49892-FA52-4BB5-857B-115430C6598F}"
EndProject
Project("{FAE04EC0-301F-11D3-BF4B-00C04F79EFBC}") = "StarterMobile.WPA81", "StarterMobile.WPA81\StarterMobile.WPA81.csproj", "{344222A2-F390-4388-8B89-40201EA5100D}"
EndProject
Project("{2150E333-8FDC-42A3-9474-1A3956D46DE8}") = "tests", "tests", "{454803A6-D975-4F49-BB12-D145F01E7AD2}"
EndProject
Project("{FAE04EC0-301F-11D3-BF4B-00C04F79EFBC}") = "StarterMobile.Core.Tests", "StarterMobile.Core.Tests\StarterMobile.Core.Tests.csproj", "{7A40E897-ED58-4F8B-BEB3-4AC8339992D8}"
EndProject
Project("{D954291E-2A0B-460D-934E-DC6B0785DB48}") = "StarterMobile.UITests", "StarterMobile.UITests\StarterMobile.UITests.shproj", "{CB1E000B-81EF-463B-8AB6-0B8F2A5C1747}"
EndProject
Project("{FAE04EC0-301F-11D3-BF4B-00C04F79EFBC}") = "StarterMobile.UITests.iOS", "StarterMobile.UITests.iOS\StarterMobile.UITests.iOS.csproj", "{6B4832A7-0B4E-48E4-99B8-46FE6832742C}"
EndProject
Project("{FAE04EC0-301F-11D3-BF4B-00C04F79EFBC}") = "StarterMobile.UITests.Droid", "StarterMobile.UITests.Droid\StarterMobile.UITests.Droid.csproj", "{7887E357-444F-4E50-8F64-2F62944B8249}"
EndProject
Global
	GlobalSection(SharedMSBuildProjectFiles) = preSolution
		StarterMobile.UITests\StarterMobile.UITest.projitems*{cb1e000b-81ef-463b-8ab6-0b8f2a5c1747}*SharedItemsImports = 13
	EndGlobalSection
	GlobalSection(SolutionConfigurationPlatforms) = preSolution
		Ad-Hoc|Any CPU = Ad-Hoc|Any CPU
		Ad-Hoc|ARM = Ad-Hoc|ARM
		Ad-Hoc|iPhone = Ad-Hoc|iPhone
		Ad-Hoc|iPhoneSimulator = Ad-Hoc|iPhoneSimulator
		Ad-Hoc|Mixed Platforms = Ad-Hoc|Mixed Platforms
		Ad-Hoc|x86 = Ad-Hoc|x86
		AppStore|Any CPU = AppStore|Any CPU
		AppStore|ARM = AppStore|ARM
		AppStore|iPhone = AppStore|iPhone
		AppStore|iPhoneSimulator = AppStore|iPhoneSimulator
		AppStore|Mixed Platforms = AppStore|Mixed Platforms
		AppStore|x86 = AppStore|x86
		Debug|Any CPU = Debug|Any CPU
		Debug|ARM = Debug|ARM
		Debug|iPhone = Debug|iPhone
		Debug|iPhoneSimulator = Debug|iPhoneSimulator
		Debug|Mixed Platforms = Debug|Mixed Platforms
		Debug|x86 = Debug|x86
		Release|Any CPU = Release|Any CPU
		Release|ARM = Release|ARM
		Release|iPhone = Release|iPhone
		Release|iPhoneSimulator = Release|iPhoneSimulator
		Release|Mixed Platforms = Release|Mixed Platforms
		Release|x86 = Release|x86
	EndGlobalSection
	GlobalSection(ProjectConfigurationPlatforms) = postSolution
		{1CC2ADBF-86D3-4AA2-9164-24410C2F8290}.Ad-Hoc|Any CPU.ActiveCfg = Ad-Hoc|iPhoneSimulator
		{1CC2ADBF-86D3-4AA2-9164-24410C2F8290}.Ad-Hoc|ARM.ActiveCfg = Ad-Hoc|iPhoneSimulator
		{1CC2ADBF-86D3-4AA2-9164-24410C2F8290}.Ad-Hoc|iPhone.ActiveCfg = Ad-Hoc|iPhone
		{1CC2ADBF-86D3-4AA2-9164-24410C2F8290}.Ad-Hoc|iPhone.Build.0 = Ad-Hoc|iPhone
		{1CC2ADBF-86D3-4AA2-9164-24410C2F8290}.Ad-Hoc|iPhoneSimulator.ActiveCfg = Ad-Hoc|iPhoneSimulator
		{1CC2ADBF-86D3-4AA2-9164-24410C2F8290}.Ad-Hoc|iPhoneSimulator.Build.0 = Ad-Hoc|iPhoneSimulator
		{1CC2ADBF-86D3-4AA2-9164-24410C2F8290}.Ad-Hoc|Mixed Platforms.ActiveCfg = Ad-Hoc|iPhoneSimulator
		{1CC2ADBF-86D3-4AA2-9164-24410C2F8290}.Ad-Hoc|Mixed Platforms.Build.0 = Ad-Hoc|iPhoneSimulator
		{1CC2ADBF-86D3-4AA2-9164-24410C2F8290}.Ad-Hoc|x86.ActiveCfg = Ad-Hoc|iPhoneSimulator
		{1CC2ADBF-86D3-4AA2-9164-24410C2F8290}.AppStore|Any CPU.ActiveCfg = AppStore|iPhoneSimulator
		{1CC2ADBF-86D3-4AA2-9164-24410C2F8290}.AppStore|ARM.ActiveCfg = AppStore|iPhoneSimulator
		{1CC2ADBF-86D3-4AA2-9164-24410C2F8290}.AppStore|iPhone.ActiveCfg = AppStore|iPhone
		{1CC2ADBF-86D3-4AA2-9164-24410C2F8290}.AppStore|iPhone.Build.0 = AppStore|iPhone
		{1CC2ADBF-86D3-4AA2-9164-24410C2F8290}.AppStore|iPhoneSimulator.ActiveCfg = AppStore|iPhoneSimulator
		{1CC2ADBF-86D3-4AA2-9164-24410C2F8290}.AppStore|iPhoneSimulator.Build.0 = AppStore|iPhoneSimulator
		{1CC2ADBF-86D3-4AA2-9164-24410C2F8290}.AppStore|Mixed Platforms.ActiveCfg = AppStore|iPhoneSimulator
		{1CC2ADBF-86D3-4AA2-9164-24410C2F8290}.AppStore|Mixed Platforms.Build.0 = AppStore|iPhoneSimulator
		{1CC2ADBF-86D3-4AA2-9164-24410C2F8290}.AppStore|x86.ActiveCfg = AppStore|iPhoneSimulator
		{1CC2ADBF-86D3-4AA2-9164-24410C2F8290}.Debug|Any CPU.ActiveCfg = Debug|iPhoneSimulator
		{1CC2ADBF-86D3-4AA2-9164-24410C2F8290}.Debug|Any CPU.Build.0 = Debug|iPhoneSimulator
		{1CC2ADBF-86D3-4AA2-9164-24410C2F8290}.Debug|ARM.ActiveCfg = Debug|iPhone
		{1CC2ADBF-86D3-4AA2-9164-24410C2F8290}.Debug|iPhone.ActiveCfg = Debug|iPhone
		{1CC2ADBF-86D3-4AA2-9164-24410C2F8290}.Debug|iPhone.Build.0 = Debug|iPhone
		{1CC2ADBF-86D3-4AA2-9164-24410C2F8290}.Debug|iPhoneSimulator.ActiveCfg = Debug|iPhoneSimulator
		{1CC2ADBF-86D3-4AA2-9164-24410C2F8290}.Debug|iPhoneSimulator.Build.0 = Debug|iPhoneSimulator
		{1CC2ADBF-86D3-4AA2-9164-24410C2F8290}.Debug|Mixed Platforms.ActiveCfg = Debug|iPhone
		{1CC2ADBF-86D3-4AA2-9164-24410C2F8290}.Debug|Mixed Platforms.Build.0 = Debug|iPhone
		{1CC2ADBF-86D3-4AA2-9164-24410C2F8290}.Debug|x86.ActiveCfg = Debug|iPhone
		{1CC2ADBF-86D3-4AA2-9164-24410C2F8290}.Release|Any CPU.ActiveCfg = Release|iPhoneSimulator
		{1CC2ADBF-86D3-4AA2-9164-24410C2F8290}.Release|Any CPU.Build.0 = Release|iPhoneSimulator
		{1CC2ADBF-86D3-4AA2-9164-24410C2F8290}.Release|ARM.ActiveCfg = Release|iPhone
		{1CC2ADBF-86D3-4AA2-9164-24410C2F8290}.Release|iPhone.ActiveCfg = Release|iPhone
		{1CC2ADBF-86D3-4AA2-9164-24410C2F8290}.Release|iPhone.Build.0 = Release|iPhone
		{1CC2ADBF-86D3-4AA2-9164-24410C2F8290}.Release|iPhoneSimulator.ActiveCfg = Release|iPhoneSimulator
		{1CC2ADBF-86D3-4AA2-9164-24410C2F8290}.Release|iPhoneSimulator.Build.0 = Release|iPhoneSimulator
		{1CC2ADBF-86D3-4AA2-9164-24410C2F8290}.Release|Mixed Platforms.ActiveCfg = Release|iPhone
		{1CC2ADBF-86D3-4AA2-9164-24410C2F8290}.Release|Mixed Platforms.Build.0 = Release|iPhone
		{1CC2ADBF-86D3-4AA2-9164-24410C2F8290}.Release|x86.ActiveCfg = Release|iPhone
		{EB627573-6F7F-4A21-A096-3A0D6F5E55F1}.Ad-Hoc|Any CPU.ActiveCfg = Release|Any CPU
		{EB627573-6F7F-4A21-A096-3A0D6F5E55F1}.Ad-Hoc|Any CPU.Build.0 = Release|Any CPU
		{EB627573-6F7F-4A21-A096-3A0D6F5E55F1}.Ad-Hoc|Any CPU.Deploy.0 = Release|Any CPU
		{EB627573-6F7F-4A21-A096-3A0D6F5E55F1}.Ad-Hoc|ARM.ActiveCfg = Release|Any CPU
		{EB627573-6F7F-4A21-A096-3A0D6F5E55F1}.Ad-Hoc|iPhone.ActiveCfg = Debug|Any CPU
		{EB627573-6F7F-4A21-A096-3A0D6F5E55F1}.Ad-Hoc|iPhone.Build.0 = Debug|Any CPU
		{EB627573-6F7F-4A21-A096-3A0D6F5E55F1}.Ad-Hoc|iPhoneSimulator.ActiveCfg = Release|Any CPU
		{EB627573-6F7F-4A21-A096-3A0D6F5E55F1}.Ad-Hoc|Mixed Platforms.ActiveCfg = Release|Any CPU
		{EB627573-6F7F-4A21-A096-3A0D6F5E55F1}.Ad-Hoc|Mixed Platforms.Build.0 = Release|Any CPU
		{EB627573-6F7F-4A21-A096-3A0D6F5E55F1}.Ad-Hoc|Mixed Platforms.Deploy.0 = Release|Any CPU
		{EB627573-6F7F-4A21-A096-3A0D6F5E55F1}.Ad-Hoc|x86.ActiveCfg = Release|Any CPU
		{EB627573-6F7F-4A21-A096-3A0D6F5E55F1}.AppStore|Any CPU.ActiveCfg = Release|Any CPU
		{EB627573-6F7F-4A21-A096-3A0D6F5E55F1}.AppStore|Any CPU.Build.0 = Release|Any CPU
		{EB627573-6F7F-4A21-A096-3A0D6F5E55F1}.AppStore|Any CPU.Deploy.0 = Release|Any CPU
		{EB627573-6F7F-4A21-A096-3A0D6F5E55F1}.AppStore|ARM.ActiveCfg = Release|Any CPU
		{EB627573-6F7F-4A21-A096-3A0D6F5E55F1}.AppStore|iPhone.ActiveCfg = Debug|Any CPU
		{EB627573-6F7F-4A21-A096-3A0D6F5E55F1}.AppStore|iPhone.Build.0 = Debug|Any CPU
		{EB627573-6F7F-4A21-A096-3A0D6F5E55F1}.AppStore|iPhoneSimulator.ActiveCfg = Release|Any CPU
		{EB627573-6F7F-4A21-A096-3A0D6F5E55F1}.AppStore|Mixed Platforms.ActiveCfg = Release|Any CPU
		{EB627573-6F7F-4A21-A096-3A0D6F5E55F1}.AppStore|Mixed Platforms.Build.0 = Release|Any CPU
		{EB627573-6F7F-4A21-A096-3A0D6F5E55F1}.AppStore|Mixed Platforms.Deploy.0 = Release|Any CPU
		{EB627573-6F7F-4A21-A096-3A0D6F5E55F1}.AppStore|x86.ActiveCfg = Release|Any CPU
		{EB627573-6F7F-4A21-A096-3A0D6F5E55F1}.Debug|Any CPU.ActiveCfg = Debug|Any CPU
		{EB627573-6F7F-4A21-A096-3A0D6F5E55F1}.Debug|Any CPU.Build.0 = Debug|Any CPU
		{EB627573-6F7F-4A21-A096-3A0D6F5E55F1}.Debug|ARM.ActiveCfg = Debug|Any CPU
		{EB627573-6F7F-4A21-A096-3A0D6F5E55F1}.Debug|iPhone.ActiveCfg = Debug|Any CPU
		{EB627573-6F7F-4A21-A096-3A0D6F5E55F1}.Debug|iPhone.Build.0 = Debug|Any CPU
		{EB627573-6F7F-4A21-A096-3A0D6F5E55F1}.Debug|iPhoneSimulator.ActiveCfg = Debug|Any CPU
		{EB627573-6F7F-4A21-A096-3A0D6F5E55F1}.Debug|iPhoneSimulator.Build.0 = Debug|Any CPU
		{EB627573-6F7F-4A21-A096-3A0D6F5E55F1}.Debug|Mixed Platforms.ActiveCfg = Debug|Any CPU
		{EB627573-6F7F-4A21-A096-3A0D6F5E55F1}.Debug|Mixed Platforms.Build.0 = Debug|Any CPU
		{EB627573-6F7F-4A21-A096-3A0D6F5E55F1}.Debug|Mixed Platforms.Deploy.0 = Debug|Any CPU
		{EB627573-6F7F-4A21-A096-3A0D6F5E55F1}.Debug|x86.ActiveCfg = Debug|Any CPU
		{EB627573-6F7F-4A21-A096-3A0D6F5E55F1}.Release|Any CPU.ActiveCfg = Release|Any CPU
		{EB627573-6F7F-4A21-A096-3A0D6F5E55F1}.Release|Any CPU.Build.0 = Release|Any CPU
		{EB627573-6F7F-4A21-A096-3A0D6F5E55F1}.Release|ARM.ActiveCfg = Release|Any CPU
		{EB627573-6F7F-4A21-A096-3A0D6F5E55F1}.Release|iPhone.ActiveCfg = Release|Any CPU
		{EB627573-6F7F-4A21-A096-3A0D6F5E55F1}.Release|iPhone.Build.0 = Release|Any CPU
		{EB627573-6F7F-4A21-A096-3A0D6F5E55F1}.Release|iPhoneSimulator.ActiveCfg = Release|Any CPU
		{EB627573-6F7F-4A21-A096-3A0D6F5E55F1}.Release|iPhoneSimulator.Build.0 = Release|Any CPU
		{EB627573-6F7F-4A21-A096-3A0D6F5E55F1}.Release|Mixed Platforms.ActiveCfg = Release|Any CPU
		{EB627573-6F7F-4A21-A096-3A0D6F5E55F1}.Release|Mixed Platforms.Build.0 = Release|Any CPU
		{EB627573-6F7F-4A21-A096-3A0D6F5E55F1}.Release|Mixed Platforms.Deploy.0 = Release|Any CPU
		{EB627573-6F7F-4A21-A096-3A0D6F5E55F1}.Release|x86.ActiveCfg = Release|Any CPU
		{43F49892-FA52-4BB5-857B-115430C6598F}.Ad-Hoc|Any CPU.ActiveCfg = Debug|Any CPU
		{43F49892-FA52-4BB5-857B-115430C6598F}.Ad-Hoc|Any CPU.Build.0 = Debug|Any CPU
		{43F49892-FA52-4BB5-857B-115430C6598F}.Ad-Hoc|ARM.ActiveCfg = Debug|Any CPU
		{43F49892-FA52-4BB5-857B-115430C6598F}.Ad-Hoc|iPhone.ActiveCfg = Release|Any CPU
		{43F49892-FA52-4BB5-857B-115430C6598F}.Ad-Hoc|iPhone.Build.0 = Release|Any CPU
		{43F49892-FA52-4BB5-857B-115430C6598F}.Ad-Hoc|iPhoneSimulator.ActiveCfg = Debug|Any CPU
		{43F49892-FA52-4BB5-857B-115430C6598F}.Ad-Hoc|Mixed Platforms.ActiveCfg = Debug|Any CPU
		{43F49892-FA52-4BB5-857B-115430C6598F}.Ad-Hoc|Mixed Platforms.Build.0 = Debug|Any CPU
		{43F49892-FA52-4BB5-857B-115430C6598F}.Ad-Hoc|x86.ActiveCfg = Debug|Any CPU
		{43F49892-FA52-4BB5-857B-115430C6598F}.AppStore|Any CPU.ActiveCfg = Debug|Any CPU
		{43F49892-FA52-4BB5-857B-115430C6598F}.AppStore|Any CPU.Build.0 = Debug|Any CPU
		{43F49892-FA52-4BB5-857B-115430C6598F}.AppStore|ARM.ActiveCfg = Debug|Any CPU
		{43F49892-FA52-4BB5-857B-115430C6598F}.AppStore|iPhone.ActiveCfg = Release|Any CPU
		{43F49892-FA52-4BB5-857B-115430C6598F}.AppStore|iPhone.Build.0 = Release|Any CPU
		{43F49892-FA52-4BB5-857B-115430C6598F}.AppStore|iPhoneSimulator.ActiveCfg = Debug|Any CPU
		{43F49892-FA52-4BB5-857B-115430C6598F}.AppStore|Mixed Platforms.ActiveCfg = Debug|Any CPU
		{43F49892-FA52-4BB5-857B-115430C6598F}.AppStore|Mixed Platforms.Build.0 = Debug|Any CPU
		{43F49892-FA52-4BB5-857B-115430C6598F}.AppStore|x86.ActiveCfg = Debug|Any CPU
		{43F49892-FA52-4BB5-857B-115430C6598F}.Debug|Any CPU.ActiveCfg = Debug|Any CPU
		{43F49892-FA52-4BB5-857B-115430C6598F}.Debug|Any CPU.Build.0 = Debug|Any CPU
		{43F49892-FA52-4BB5-857B-115430C6598F}.Debug|ARM.ActiveCfg = Debug|Any CPU
		{43F49892-FA52-4BB5-857B-115430C6598F}.Debug|iPhone.ActiveCfg = Debug|Any CPU
		{43F49892-FA52-4BB5-857B-115430C6598F}.Debug|iPhone.Build.0 = Debug|Any CPU
		{43F49892-FA52-4BB5-857B-115430C6598F}.Debug|iPhoneSimulator.ActiveCfg = Debug|Any CPU
		{43F49892-FA52-4BB5-857B-115430C6598F}.Debug|iPhoneSimulator.Build.0 = Debug|Any CPU
		{43F49892-FA52-4BB5-857B-115430C6598F}.Debug|Mixed Platforms.ActiveCfg = Debug|Any CPU
		{43F49892-FA52-4BB5-857B-115430C6598F}.Debug|Mixed Platforms.Build.0 = Debug|Any CPU
		{43F49892-FA52-4BB5-857B-115430C6598F}.Debug|x86.ActiveCfg = Debug|Any CPU
		{43F49892-FA52-4BB5-857B-115430C6598F}.Release|Any CPU.ActiveCfg = Release|Any CPU
		{43F49892-FA52-4BB5-857B-115430C6598F}.Release|Any CPU.Build.0 = Release|Any CPU
		{43F49892-FA52-4BB5-857B-115430C6598F}.Release|ARM.ActiveCfg = Release|Any CPU
		{43F49892-FA52-4BB5-857B-115430C6598F}.Release|iPhone.ActiveCfg = Release|Any CPU
		{43F49892-FA52-4BB5-857B-115430C6598F}.Release|iPhone.Build.0 = Release|Any CPU
		{43F49892-FA52-4BB5-857B-115430C6598F}.Release|iPhoneSimulator.ActiveCfg = Release|Any CPU
		{43F49892-FA52-4BB5-857B-115430C6598F}.Release|iPhoneSimulator.Build.0 = Release|Any CPU
		{43F49892-FA52-4BB5-857B-115430C6598F}.Release|Mixed Platforms.ActiveCfg = Release|Any CPU
		{43F49892-FA52-4BB5-857B-115430C6598F}.Release|Mixed Platforms.Build.0 = Release|Any CPU
		{43F49892-FA52-4BB5-857B-115430C6598F}.Release|x86.ActiveCfg = Release|Any CPU
		{344222A2-F390-4388-8B89-40201EA5100D}.Ad-Hoc|Any CPU.ActiveCfg = Release|Any CPU
		{344222A2-F390-4388-8B89-40201EA5100D}.Ad-Hoc|Any CPU.Build.0 = Release|Any CPU
		{344222A2-F390-4388-8B89-40201EA5100D}.Ad-Hoc|Any CPU.Deploy.0 = Release|Any CPU
		{344222A2-F390-4388-8B89-40201EA5100D}.Ad-Hoc|ARM.ActiveCfg = Release|ARM
		{344222A2-F390-4388-8B89-40201EA5100D}.Ad-Hoc|ARM.Build.0 = Release|ARM
		{344222A2-F390-4388-8B89-40201EA5100D}.Ad-Hoc|ARM.Deploy.0 = Release|ARM
		{344222A2-F390-4388-8B89-40201EA5100D}.Ad-Hoc|iPhone.ActiveCfg = Release|Any CPU
		{344222A2-F390-4388-8B89-40201EA5100D}.Ad-Hoc|iPhoneSimulator.ActiveCfg = Release|Any CPU
		{344222A2-F390-4388-8B89-40201EA5100D}.Ad-Hoc|Mixed Platforms.ActiveCfg = Release|x86
		{344222A2-F390-4388-8B89-40201EA5100D}.Ad-Hoc|Mixed Platforms.Build.0 = Release|x86
		{344222A2-F390-4388-8B89-40201EA5100D}.Ad-Hoc|Mixed Platforms.Deploy.0 = Release|x86
		{344222A2-F390-4388-8B89-40201EA5100D}.Ad-Hoc|x86.ActiveCfg = Release|x86
		{344222A2-F390-4388-8B89-40201EA5100D}.Ad-Hoc|x86.Build.0 = Release|x86
		{344222A2-F390-4388-8B89-40201EA5100D}.Ad-Hoc|x86.Deploy.0 = Release|x86
		{344222A2-F390-4388-8B89-40201EA5100D}.AppStore|Any CPU.ActiveCfg = Release|Any CPU
		{344222A2-F390-4388-8B89-40201EA5100D}.AppStore|Any CPU.Build.0 = Release|Any CPU
		{344222A2-F390-4388-8B89-40201EA5100D}.AppStore|Any CPU.Deploy.0 = Release|Any CPU
		{344222A2-F390-4388-8B89-40201EA5100D}.AppStore|ARM.ActiveCfg = Release|ARM
		{344222A2-F390-4388-8B89-40201EA5100D}.AppStore|ARM.Build.0 = Release|ARM
		{344222A2-F390-4388-8B89-40201EA5100D}.AppStore|ARM.Deploy.0 = Release|ARM
		{344222A2-F390-4388-8B89-40201EA5100D}.AppStore|iPhone.ActiveCfg = Release|Any CPU
		{344222A2-F390-4388-8B89-40201EA5100D}.AppStore|iPhoneSimulator.ActiveCfg = Release|Any CPU
		{344222A2-F390-4388-8B89-40201EA5100D}.AppStore|Mixed Platforms.ActiveCfg = Release|x86
		{344222A2-F390-4388-8B89-40201EA5100D}.AppStore|Mixed Platforms.Build.0 = Release|x86
		{344222A2-F390-4388-8B89-40201EA5100D}.AppStore|Mixed Platforms.Deploy.0 = Release|x86
		{344222A2-F390-4388-8B89-40201EA5100D}.AppStore|x86.ActiveCfg = Release|x86
		{344222A2-F390-4388-8B89-40201EA5100D}.AppStore|x86.Build.0 = Release|x86
		{344222A2-F390-4388-8B89-40201EA5100D}.AppStore|x86.Deploy.0 = Release|x86
		{344222A2-F390-4388-8B89-40201EA5100D}.Debug|Any CPU.ActiveCfg = Debug|Any CPU
		{344222A2-F390-4388-8B89-40201EA5100D}.Debug|Any CPU.Build.0 = Debug|Any CPU
		{344222A2-F390-4388-8B89-40201EA5100D}.Debug|Any CPU.Deploy.0 = Debug|Any CPU
		{344222A2-F390-4388-8B89-40201EA5100D}.Debug|ARM.ActiveCfg = Debug|ARM
		{344222A2-F390-4388-8B89-40201EA5100D}.Debug|ARM.Build.0 = Debug|ARM
		{344222A2-F390-4388-8B89-40201EA5100D}.Debug|ARM.Deploy.0 = Debug|ARM
		{344222A2-F390-4388-8B89-40201EA5100D}.Debug|iPhone.ActiveCfg = Debug|Any CPU
		{344222A2-F390-4388-8B89-40201EA5100D}.Debug|iPhoneSimulator.ActiveCfg = Debug|Any CPU
		{344222A2-F390-4388-8B89-40201EA5100D}.Debug|Mixed Platforms.ActiveCfg = Debug|x86
		{344222A2-F390-4388-8B89-40201EA5100D}.Debug|Mixed Platforms.Build.0 = Debug|x86
		{344222A2-F390-4388-8B89-40201EA5100D}.Debug|Mixed Platforms.Deploy.0 = Debug|x86
		{344222A2-F390-4388-8B89-40201EA5100D}.Debug|x86.ActiveCfg = Debug|x86
		{344222A2-F390-4388-8B89-40201EA5100D}.Debug|x86.Build.0 = Debug|x86
		{344222A2-F390-4388-8B89-40201EA5100D}.Debug|x86.Deploy.0 = Debug|x86
		{344222A2-F390-4388-8B89-40201EA5100D}.Release|Any CPU.ActiveCfg = Release|Any CPU
		{344222A2-F390-4388-8B89-40201EA5100D}.Release|Any CPU.Build.0 = Release|Any CPU
		{344222A2-F390-4388-8B89-40201EA5100D}.Release|Any CPU.Deploy.0 = Release|Any CPU
		{344222A2-F390-4388-8B89-40201EA5100D}.Release|ARM.ActiveCfg = Release|ARM
		{344222A2-F390-4388-8B89-40201EA5100D}.Release|ARM.Build.0 = Release|ARM
		{344222A2-F390-4388-8B89-40201EA5100D}.Release|ARM.Deploy.0 = Release|ARM
		{344222A2-F390-4388-8B89-40201EA5100D}.Release|iPhone.ActiveCfg = Release|Any CPU
		{344222A2-F390-4388-8B89-40201EA5100D}.Release|iPhoneSimulator.ActiveCfg = Release|Any CPU
		{344222A2-F390-4388-8B89-40201EA5100D}.Release|Mixed Platforms.ActiveCfg = Release|x86
		{344222A2-F390-4388-8B89-40201EA5100D}.Release|Mixed Platforms.Build.0 = Release|x86
		{344222A2-F390-4388-8B89-40201EA5100D}.Release|Mixed Platforms.Deploy.0 = Release|x86
		{344222A2-F390-4388-8B89-40201EA5100D}.Release|x86.ActiveCfg = Release|x86
		{344222A2-F390-4388-8B89-40201EA5100D}.Release|x86.Build.0 = Release|x86
		{344222A2-F390-4388-8B89-40201EA5100D}.Release|x86.Deploy.0 = Release|x86
		{7A40E897-ED58-4F8B-BEB3-4AC8339992D8}.Ad-Hoc|Any CPU.ActiveCfg = Debug|Any CPU
		{7A40E897-ED58-4F8B-BEB3-4AC8339992D8}.Ad-Hoc|Any CPU.Build.0 = Debug|Any CPU
		{7A40E897-ED58-4F8B-BEB3-4AC8339992D8}.Ad-Hoc|ARM.ActiveCfg = Debug|Any CPU
		{7A40E897-ED58-4F8B-BEB3-4AC8339992D8}.Ad-Hoc|ARM.Build.0 = Debug|Any CPU
		{7A40E897-ED58-4F8B-BEB3-4AC8339992D8}.Ad-Hoc|iPhone.ActiveCfg = Release|Any CPU
		{7A40E897-ED58-4F8B-BEB3-4AC8339992D8}.Ad-Hoc|iPhone.Build.0 = Release|Any CPU
		{7A40E897-ED58-4F8B-BEB3-4AC8339992D8}.Ad-Hoc|iPhoneSimulator.ActiveCfg = Debug|Any CPU
		{7A40E897-ED58-4F8B-BEB3-4AC8339992D8}.Ad-Hoc|iPhoneSimulator.Build.0 = Debug|Any CPU
		{7A40E897-ED58-4F8B-BEB3-4AC8339992D8}.Ad-Hoc|Mixed Platforms.ActiveCfg = Debug|Any CPU
		{7A40E897-ED58-4F8B-BEB3-4AC8339992D8}.Ad-Hoc|Mixed Platforms.Build.0 = Debug|Any CPU
		{7A40E897-ED58-4F8B-BEB3-4AC8339992D8}.Ad-Hoc|x86.ActiveCfg = Debug|Any CPU
		{7A40E897-ED58-4F8B-BEB3-4AC8339992D8}.Ad-Hoc|x86.Build.0 = Debug|Any CPU
		{7A40E897-ED58-4F8B-BEB3-4AC8339992D8}.AppStore|Any CPU.ActiveCfg = Debug|Any CPU
		{7A40E897-ED58-4F8B-BEB3-4AC8339992D8}.AppStore|Any CPU.Build.0 = Debug|Any CPU
		{7A40E897-ED58-4F8B-BEB3-4AC8339992D8}.AppStore|ARM.ActiveCfg = Debug|Any CPU
		{7A40E897-ED58-4F8B-BEB3-4AC8339992D8}.AppStore|ARM.Build.0 = Debug|Any CPU
		{7A40E897-ED58-4F8B-BEB3-4AC8339992D8}.AppStore|iPhone.ActiveCfg = Release|Any CPU
		{7A40E897-ED58-4F8B-BEB3-4AC8339992D8}.AppStore|iPhone.Build.0 = Release|Any CPU
		{7A40E897-ED58-4F8B-BEB3-4AC8339992D8}.AppStore|iPhoneSimulator.ActiveCfg = Debug|Any CPU
		{7A40E897-ED58-4F8B-BEB3-4AC8339992D8}.AppStore|iPhoneSimulator.Build.0 = Debug|Any CPU
		{7A40E897-ED58-4F8B-BEB3-4AC8339992D8}.AppStore|Mixed Platforms.ActiveCfg = Debug|Any CPU
		{7A40E897-ED58-4F8B-BEB3-4AC8339992D8}.AppStore|Mixed Platforms.Build.0 = Debug|Any CPU
		{7A40E897-ED58-4F8B-BEB3-4AC8339992D8}.AppStore|x86.ActiveCfg = Debug|Any CPU
		{7A40E897-ED58-4F8B-BEB3-4AC8339992D8}.AppStore|x86.Build.0 = Debug|Any CPU
		{7A40E897-ED58-4F8B-BEB3-4AC8339992D8}.Debug|Any CPU.ActiveCfg = Debug|Any CPU
		{7A40E897-ED58-4F8B-BEB3-4AC8339992D8}.Debug|Any CPU.Build.0 = Debug|Any CPU
		{7A40E897-ED58-4F8B-BEB3-4AC8339992D8}.Debug|ARM.ActiveCfg = Debug|Any CPU
		{7A40E897-ED58-4F8B-BEB3-4AC8339992D8}.Debug|ARM.Build.0 = Debug|Any CPU
		{7A40E897-ED58-4F8B-BEB3-4AC8339992D8}.Debug|iPhone.ActiveCfg = Debug|Any CPU
		{7A40E897-ED58-4F8B-BEB3-4AC8339992D8}.Debug|iPhone.Build.0 = Debug|Any CPU
		{7A40E897-ED58-4F8B-BEB3-4AC8339992D8}.Debug|iPhoneSimulator.ActiveCfg = Debug|Any CPU
		{7A40E897-ED58-4F8B-BEB3-4AC8339992D8}.Debug|iPhoneSimulator.Build.0 = Debug|Any CPU
		{7A40E897-ED58-4F8B-BEB3-4AC8339992D8}.Debug|Mixed Platforms.ActiveCfg = Debug|Any CPU
		{7A40E897-ED58-4F8B-BEB3-4AC8339992D8}.Debug|Mixed Platforms.Build.0 = Debug|Any CPU
		{7A40E897-ED58-4F8B-BEB3-4AC8339992D8}.Debug|x86.ActiveCfg = Debug|Any CPU
		{7A40E897-ED58-4F8B-BEB3-4AC8339992D8}.Debug|x86.Build.0 = Debug|Any CPU
		{7A40E897-ED58-4F8B-BEB3-4AC8339992D8}.Release|Any CPU.ActiveCfg = Release|Any CPU
		{7A40E897-ED58-4F8B-BEB3-4AC8339992D8}.Release|Any CPU.Build.0 = Release|Any CPU
		{7A40E897-ED58-4F8B-BEB3-4AC8339992D8}.Release|ARM.ActiveCfg = Release|Any CPU
		{7A40E897-ED58-4F8B-BEB3-4AC8339992D8}.Release|ARM.Build.0 = Release|Any CPU
		{7A40E897-ED58-4F8B-BEB3-4AC8339992D8}.Release|iPhone.ActiveCfg = Release|Any CPU
		{7A40E897-ED58-4F8B-BEB3-4AC8339992D8}.Release|iPhone.Build.0 = Release|Any CPU
		{7A40E897-ED58-4F8B-BEB3-4AC8339992D8}.Release|iPhoneSimulator.ActiveCfg = Release|Any CPU
		{7A40E897-ED58-4F8B-BEB3-4AC8339992D8}.Release|iPhoneSimulator.Build.0 = Release|Any CPU
		{7A40E897-ED58-4F8B-BEB3-4AC8339992D8}.Release|Mixed Platforms.ActiveCfg = Release|Any CPU
		{7A40E897-ED58-4F8B-BEB3-4AC8339992D8}.Release|Mixed Platforms.Build.0 = Release|Any CPU
		{7A40E897-ED58-4F8B-BEB3-4AC8339992D8}.Release|x86.ActiveCfg = Release|Any CPU
		{7A40E897-ED58-4F8B-BEB3-4AC8339992D8}.Release|x86.Build.0 = Release|Any CPU
		{6B4832A7-0B4E-48E4-99B8-46FE6832742C}.Ad-Hoc|Any CPU.ActiveCfg = Debug|Any CPU
		{6B4832A7-0B4E-48E4-99B8-46FE6832742C}.Ad-Hoc|Any CPU.Build.0 = Debug|Any CPU
		{6B4832A7-0B4E-48E4-99B8-46FE6832742C}.Ad-Hoc|ARM.ActiveCfg = Debug|Any CPU
		{6B4832A7-0B4E-48E4-99B8-46FE6832742C}.Ad-Hoc|ARM.Build.0 = Debug|Any CPU
		{6B4832A7-0B4E-48E4-99B8-46FE6832742C}.Ad-Hoc|iPhone.ActiveCfg = Release|Any CPU
		{6B4832A7-0B4E-48E4-99B8-46FE6832742C}.Ad-Hoc|iPhone.Build.0 = Release|Any CPU
		{6B4832A7-0B4E-48E4-99B8-46FE6832742C}.Ad-Hoc|iPhoneSimulator.ActiveCfg = Debug|Any CPU
		{6B4832A7-0B4E-48E4-99B8-46FE6832742C}.Ad-Hoc|iPhoneSimulator.Build.0 = Debug|Any CPU
		{6B4832A7-0B4E-48E4-99B8-46FE6832742C}.Ad-Hoc|Mixed Platforms.ActiveCfg = Debug|Any CPU
		{6B4832A7-0B4E-48E4-99B8-46FE6832742C}.Ad-Hoc|Mixed Platforms.Build.0 = Debug|Any CPU
		{6B4832A7-0B4E-48E4-99B8-46FE6832742C}.Ad-Hoc|x86.ActiveCfg = Debug|Any CPU
		{6B4832A7-0B4E-48E4-99B8-46FE6832742C}.Ad-Hoc|x86.Build.0 = Debug|Any CPU
		{6B4832A7-0B4E-48E4-99B8-46FE6832742C}.AppStore|Any CPU.ActiveCfg = Debug|Any CPU
		{6B4832A7-0B4E-48E4-99B8-46FE6832742C}.AppStore|Any CPU.Build.0 = Debug|Any CPU
		{6B4832A7-0B4E-48E4-99B8-46FE6832742C}.AppStore|ARM.ActiveCfg = Debug|Any CPU
		{6B4832A7-0B4E-48E4-99B8-46FE6832742C}.AppStore|ARM.Build.0 = Debug|Any CPU
		{6B4832A7-0B4E-48E4-99B8-46FE6832742C}.AppStore|iPhone.ActiveCfg = Release|Any CPU
		{6B4832A7-0B4E-48E4-99B8-46FE6832742C}.AppStore|iPhone.Build.0 = Release|Any CPU
		{6B4832A7-0B4E-48E4-99B8-46FE6832742C}.AppStore|iPhoneSimulator.ActiveCfg = Debug|Any CPU
		{6B4832A7-0B4E-48E4-99B8-46FE6832742C}.AppStore|iPhoneSimulator.Build.0 = Debug|Any CPU
		{6B4832A7-0B4E-48E4-99B8-46FE6832742C}.AppStore|Mixed Platforms.ActiveCfg = Debug|Any CPU
		{6B4832A7-0B4E-48E4-99B8-46FE6832742C}.AppStore|Mixed Platforms.Build.0 = Debug|Any CPU
		{6B4832A7-0B4E-48E4-99B8-46FE6832742C}.AppStore|x86.ActiveCfg = Debug|Any CPU
		{6B4832A7-0B4E-48E4-99B8-46FE6832742C}.AppStore|x86.Build.0 = Debug|Any CPU
		{6B4832A7-0B4E-48E4-99B8-46FE6832742C}.Debug|Any CPU.ActiveCfg = Debug|Any CPU
		{6B4832A7-0B4E-48E4-99B8-46FE6832742C}.Debug|Any CPU.Build.0 = Debug|Any CPU
		{6B4832A7-0B4E-48E4-99B8-46FE6832742C}.Debug|ARM.ActiveCfg = Debug|Any CPU
		{6B4832A7-0B4E-48E4-99B8-46FE6832742C}.Debug|ARM.Build.0 = Debug|Any CPU
		{6B4832A7-0B4E-48E4-99B8-46FE6832742C}.Debug|iPhone.ActiveCfg = Debug|Any CPU
		{6B4832A7-0B4E-48E4-99B8-46FE6832742C}.Debug|iPhone.Build.0 = Debug|Any CPU
		{6B4832A7-0B4E-48E4-99B8-46FE6832742C}.Debug|iPhoneSimulator.ActiveCfg = Debug|Any CPU
		{6B4832A7-0B4E-48E4-99B8-46FE6832742C}.Debug|iPhoneSimulator.Build.0 = Debug|Any CPU
		{6B4832A7-0B4E-48E4-99B8-46FE6832742C}.Debug|Mixed Platforms.ActiveCfg = Debug|Any CPU
		{6B4832A7-0B4E-48E4-99B8-46FE6832742C}.Debug|Mixed Platforms.Build.0 = Debug|Any CPU
		{6B4832A7-0B4E-48E4-99B8-46FE6832742C}.Debug|x86.ActiveCfg = Debug|Any CPU
		{6B4832A7-0B4E-48E4-99B8-46FE6832742C}.Debug|x86.Build.0 = Debug|Any CPU
		{6B4832A7-0B4E-48E4-99B8-46FE6832742C}.Release|Any CPU.ActiveCfg = Release|Any CPU
		{6B4832A7-0B4E-48E4-99B8-46FE6832742C}.Release|Any CPU.Build.0 = Release|Any CPU
		{6B4832A7-0B4E-48E4-99B8-46FE6832742C}.Release|ARM.ActiveCfg = Release|Any CPU
		{6B4832A7-0B4E-48E4-99B8-46FE6832742C}.Release|ARM.Build.0 = Release|Any CPU
		{6B4832A7-0B4E-48E4-99B8-46FE6832742C}.Release|iPhone.ActiveCfg = Release|Any CPU
		{6B4832A7-0B4E-48E4-99B8-46FE6832742C}.Release|iPhone.Build.0 = Release|Any CPU
		{6B4832A7-0B4E-48E4-99B8-46FE6832742C}.Release|iPhoneSimulator.ActiveCfg = Release|Any CPU
		{6B4832A7-0B4E-48E4-99B8-46FE6832742C}.Release|iPhoneSimulator.Build.0 = Release|Any CPU
		{6B4832A7-0B4E-48E4-99B8-46FE6832742C}.Release|Mixed Platforms.ActiveCfg = Release|Any CPU
		{6B4832A7-0B4E-48E4-99B8-46FE6832742C}.Release|Mixed Platforms.Build.0 = Release|Any CPU
		{6B4832A7-0B4E-48E4-99B8-46FE6832742C}.Release|x86.ActiveCfg = Release|Any CPU
		{6B4832A7-0B4E-48E4-99B8-46FE6832742C}.Release|x86.Build.0 = Release|Any CPU
		{7887E357-444F-4E50-8F64-2F62944B8249}.Ad-Hoc|Any CPU.ActiveCfg = Debug|Any CPU
		{7887E357-444F-4E50-8F64-2F62944B8249}.Ad-Hoc|Any CPU.Build.0 = Debug|Any CPU
		{7887E357-444F-4E50-8F64-2F62944B8249}.Ad-Hoc|ARM.ActiveCfg = Debug|Any CPU
		{7887E357-444F-4E50-8F64-2F62944B8249}.Ad-Hoc|ARM.Build.0 = Debug|Any CPU
		{7887E357-444F-4E50-8F64-2F62944B8249}.Ad-Hoc|iPhone.ActiveCfg = Release|Any CPU
		{7887E357-444F-4E50-8F64-2F62944B8249}.Ad-Hoc|iPhone.Build.0 = Release|Any CPU
		{7887E357-444F-4E50-8F64-2F62944B8249}.Ad-Hoc|iPhoneSimulator.ActiveCfg = Debug|Any CPU
		{7887E357-444F-4E50-8F64-2F62944B8249}.Ad-Hoc|iPhoneSimulator.Build.0 = Debug|Any CPU
		{7887E357-444F-4E50-8F64-2F62944B8249}.Ad-Hoc|Mixed Platforms.ActiveCfg = Debug|Any CPU
		{7887E357-444F-4E50-8F64-2F62944B8249}.Ad-Hoc|Mixed Platforms.Build.0 = Debug|Any CPU
		{7887E357-444F-4E50-8F64-2F62944B8249}.Ad-Hoc|x86.ActiveCfg = Debug|Any CPU
		{7887E357-444F-4E50-8F64-2F62944B8249}.Ad-Hoc|x86.Build.0 = Debug|Any CPU
		{7887E357-444F-4E50-8F64-2F62944B8249}.AppStore|Any CPU.ActiveCfg = Debug|Any CPU
		{7887E357-444F-4E50-8F64-2F62944B8249}.AppStore|Any CPU.Build.0 = Debug|Any CPU
		{7887E357-444F-4E50-8F64-2F62944B8249}.AppStore|ARM.ActiveCfg = Debug|Any CPU
		{7887E357-444F-4E50-8F64-2F62944B8249}.AppStore|ARM.Build.0 = Debug|Any CPU
		{7887E357-444F-4E50-8F64-2F62944B8249}.AppStore|iPhone.ActiveCfg = Release|Any CPU
		{7887E357-444F-4E50-8F64-2F62944B8249}.AppStore|iPhone.Build.0 = Release|Any CPU
		{7887E357-444F-4E50-8F64-2F62944B8249}.AppStore|iPhoneSimulator.ActiveCfg = Debug|Any CPU
		{7887E357-444F-4E50-8F64-2F62944B8249}.AppStore|iPhoneSimulator.Build.0 = Debug|Any CPU
		{7887E357-444F-4E50-8F64-2F62944B8249}.AppStore|Mixed Platforms.ActiveCfg = Debug|Any CPU
		{7887E357-444F-4E50-8F64-2F62944B8249}.AppStore|Mixed Platforms.Build.0 = Debug|Any CPU
		{7887E357-444F-4E50-8F64-2F62944B8249}.AppStore|x86.ActiveCfg = Debug|Any CPU
		{7887E357-444F-4E50-8F64-2F62944B8249}.AppStore|x86.Build.0 = Debug|Any CPU
		{7887E357-444F-4E50-8F64-2F62944B8249}.Debug|Any CPU.ActiveCfg = Debug|Any CPU
		{7887E357-444F-4E50-8F64-2F62944B8249}.Debug|Any CPU.Build.0 = Debug|Any CPU
		{7887E357-444F-4E50-8F64-2F62944B8249}.Debug|ARM.ActiveCfg = Debug|Any CPU
		{7887E357-444F-4E50-8F64-2F62944B8249}.Debug|ARM.Build.0 = Debug|Any CPU
		{7887E357-444F-4E50-8F64-2F62944B8249}.Debug|iPhone.ActiveCfg = Debug|Any CPU
		{7887E357-444F-4E50-8F64-2F62944B8249}.Debug|iPhone.Build.0 = Debug|Any CPU
		{7887E357-444F-4E50-8F64-2F62944B8249}.Debug|iPhoneSimulator.ActiveCfg = Debug|Any CPU
		{7887E357-444F-4E50-8F64-2F62944B8249}.Debug|iPhoneSimulator.Build.0 = Debug|Any CPU
		{7887E357-444F-4E50-8F64-2F62944B8249}.Debug|Mixed Platforms.ActiveCfg = Debug|Any CPU
		{7887E357-444F-4E50-8F64-2F62944B8249}.Debug|Mixed Platforms.Build.0 = Debug|Any CPU
		{7887E357-444F-4E50-8F64-2F62944B8249}.Debug|x86.ActiveCfg = Debug|Any CPU
		{7887E357-444F-4E50-8F64-2F62944B8249}.Debug|x86.Build.0 = Debug|Any CPU
		{7887E357-444F-4E50-8F64-2F62944B8249}.Release|Any CPU.ActiveCfg = Release|Any CPU
		{7887E357-444F-4E50-8F64-2F62944B8249}.Release|Any CPU.Build.0 = Release|Any CPU
		{7887E357-444F-4E50-8F64-2F62944B8249}.Release|ARM.ActiveCfg = Release|Any CPU
		{7887E357-444F-4E50-8F64-2F62944B8249}.Release|ARM.Build.0 = Release|Any CPU
		{7887E357-444F-4E50-8F64-2F62944B8249}.Release|iPhone.ActiveCfg = Release|Any CPU
		{7887E357-444F-4E50-8F64-2F62944B8249}.Release|iPhone.Build.0 = Release|Any CPU
		{7887E357-444F-4E50-8F64-2F62944B8249}.Release|iPhoneSimulator.ActiveCfg = Release|Any CPU
		{7887E357-444F-4E50-8F64-2F62944B8249}.Release|iPhoneSimulator.Build.0 = Release|Any CPU
		{7887E357-444F-4E50-8F64-2F62944B8249}.Release|Mixed Platforms.ActiveCfg = Release|Any CPU
		{7887E357-444F-4E50-8F64-2F62944B8249}.Release|Mixed Platforms.Build.0 = Release|Any CPU
		{7887E357-444F-4E50-8F64-2F62944B8249}.Release|x86.ActiveCfg = Release|Any CPU
		{7887E357-444F-4E50-8F64-2F62944B8249}.Release|x86.Build.0 = Release|Any CPU
	EndGlobalSection
	GlobalSection(SolutionProperties) = preSolution
		HideSolutionNode = FALSE
	EndGlobalSection
	GlobalSection(NestedProjects) = preSolution
		{7A40E897-ED58-4F8B-BEB3-4AC8339992D8} = {454803A6-D975-4F49-BB12-D145F01E7AD2}
		{CB1E000B-81EF-463B-8AB6-0B8F2A5C1747} = {454803A6-D975-4F49-BB12-D145F01E7AD2}
		{6B4832A7-0B4E-48E4-99B8-46FE6832742C} = {454803A6-D975-4F49-BB12-D145F01E7AD2}
		{7887E357-444F-4E50-8F64-2F62944B8249} = {454803A6-D975-4F49-BB12-D145F01E7AD2}
	EndGlobalSection
EndGlobal
